// !$*UTF8*$!
{
	archiveVersion = 1;
	classes = {
	};
	objectVersion = 46;
	objects = {

/* Begin PBXBuildFile section */
		AED68BB81D524C7C0056B1B7 /* AppDelegate.m in Sources */ = {isa = PBXBuildFile; fileRef = AED68BB71D524C7C0056B1B7 /* AppDelegate.m */; };
		AED68BBB1D524C7C0056B1B7 /* main.m in Sources */ = {isa = PBXBuildFile; fileRef = AED68BBA1D524C7C0056B1B7 /* main.m */; };
		AED68BBD1D524C7C0056B1B7 /* Assets.xcassets in Resources */ = {isa = PBXBuildFile; fileRef = AED68BBC1D524C7C0056B1B7 /* Assets.xcassets */; };
		AED68BC01D524C7C0056B1B7 /* MainMenu.xib in Resources */ = {isa = PBXBuildFile; fileRef = AED68BBE1D524C7C0056B1B7 /* MainMenu.xib */; };
		AED68BC91D524D380056B1B7 /* FauxElement.m in Sources */ = {isa = PBXBuildFile; fileRef = AED68BC81D524D380056B1B7 /* FauxElement.m */; };
/* End PBXBuildFile section */

/* Begin PBXFileReference section */
		AED68BB31D524C7C0056B1B7 /* A11yWTF.app */ = {isa = PBXFileReference; explicitFileType = wrapper.application; includeInIndex = 0; path = A11yWTF.app; sourceTree = BUILT_PRODUCTS_DIR; };
		AED68BB61D524C7C0056B1B7 /* AppDelegate.h */ = {isa = PBXFileReference; lastKnownFileType = sourcecode.c.h; path = AppDelegate.h; sourceTree = "<group>"; };
		AED68BB71D524C7C0056B1B7 /* AppDelegate.m */ = {isa = PBXFileReference; lastKnownFileType = sourcecode.c.objc; path = AppDelegate.m; sourceTree = "<group>"; };
		AED68BBA1D524C7C0056B1B7 /* main.m */ = {isa = PBXFileReference; lastKnownFileType = sourcecode.c.objc; path = main.m; sourceTree = "<group>"; };
		AED68BBC1D524C7C0056B1B7 /* Assets.xcassets */ = {isa = PBXFileReference; lastKnownFileType = folder.assetcatalog; path = Assets.xcassets; sourceTree = "<group>"; };
		AED68BBF1D524C7C0056B1B7 /* Base */ = {isa = PBXFileReference; lastKnownFileType = file.xib; name = Base; path = Base.lproj/MainMenu.xib; sourceTree = "<group>"; };
		AED68BC11D524C7C0056B1B7 /* Info.plist */ = {isa = PBXFileReference; lastKnownFileType = text.plist.xml; path = Info.plist; sourceTree = "<group>"; };
		AED68BC71D524D380056B1B7 /* FauxElement.h */ = {isa = PBXFileReference; fileEncoding = 4; lastKnownFileType = sourcecode.c.h; path = FauxElement.h; sourceTree = "<group>"; };
		AED68BC81D524D380056B1B7 /* FauxElement.m */ = {isa = PBXFileReference; fileEncoding = 4; lastKnownFileType = sourcecode.c.objc; path = FauxElement.m; sourceTree = "<group>"; };
/* End PBXFileReference section */

/* Begin PBXFrameworksBuildPhase section */
		AED68BB01D524C7C0056B1B7 /* Frameworks */ = {
			isa = PBXFrameworksBuildPhase;
			buildActionMask = 2147483647;
			files = (
			);
			runOnlyForDeploymentPostprocessing = 0;
		};
/* End PBXFrameworksBuildPhase section */

/* Begin PBXGroup section */
		AED68BAA1D524C7C0056B1B7 = {
			isa = PBXGroup;
			children = (
				AED68BB51D524C7C0056B1B7 /* A11yWTF */,
				AED68BB41D524C7C0056B1B7 /* Products */,
			);
			sourceTree = "<group>";
		};
		AED68BB41D524C7C0056B1B7 /* Products */ = {
			isa = PBXGroup;
			children = (
				AED68BB31D524C7C0056B1B7 /* A11yWTF.app */,
			);
			name = Products;
			sourceTree = "<group>";
		};
		AED68BB51D524C7C0056B1B7 /* A11yWTF */ = {
			isa = PBXGroup;
			children = (
				AED68BB61D524C7C0056B1B7 /* AppDelegate.h */,
				AED68BB71D524C7C0056B1B7 /* AppDelegate.m */,
				AED68BC71D524D380056B1B7 /* FauxElement.h */,
				AED68BC81D524D380056B1B7 /* FauxElement.m */,
				AED68BBC1D524C7C0056B1B7 /* Assets.xcassets */,
				AED68BBE1D524C7C0056B1B7 /* MainMenu.xib */,
				AED68BC11D524C7C0056B1B7 /* Info.plist */,
				AED68BB91D524C7C0056B1B7 /* Supporting Files */,
			);
			path = A11yWTF;
			sourceTree = "<group>";
		};
		AED68BB91D524C7C0056B1B7 /* Supporting Files */ = {
			isa = PBXGroup;
			children = (
				AED68BBA1D524C7C0056B1B7 /* main.m */,
			);
			name = "Supporting Files";
			sourceTree = "<group>";
		};
/* End PBXGroup section */

/* Begin PBXNativeTarget section */
		AED68BB21D524C7C0056B1B7 /* A11yWTF */ = {
			isa = PBXNativeTarget;
			buildConfigurationList = AED68BC41D524C7C0056B1B7 /* Build configuration list for PBXNativeTarget "A11yWTF" */;
			buildPhases = (
				AED68BAF1D524C7C0056B1B7 /* Sources */,
				AED68BB01D524C7C0056B1B7 /* Frameworks */,
				AED68BB11D524C7C0056B1B7 /* Resources */,
			);
			buildRules = (
			);
			dependencies = (
			);
			name = A11yWTF;
			productName = A11yWTF;
			productReference = AED68BB31D524C7C0056B1B7 /* A11yWTF.app */;
			productType = "com.apple.product-type.application";
		};
/* End PBXNativeTarget section */

/* Begin PBXProject section */
		AED68BAB1D524C7C0056B1B7 /* Project object */ = {
			isa = PBXProject;
			attributes = {
				LastUpgradeCheck = 0720;
				ORGANIZATIONNAME = iain;
				TargetAttributes = {
					AED68BB21D524C7C0056B1B7 = {
						CreatedOnToolsVersion = 7.2;
					};
				};
			};
			buildConfigurationList = AED68BAE1D524C7C0056B1B7 /* Build configuration list for PBXProject "A11yWTF" */;
			compatibilityVersion = "Xcode 3.2";
			developmentRegion = English;
			hasScannedForEncodings = 0;
			knownRegions = (
				en,
				Base,
			);
			mainGroup = AED68BAA1D524C7C0056B1B7;
			productRefGroup = AED68BB41D524C7C0056B1B7 /* Products */;
			projectDirPath = "";
			projectRoot = "";
			targets = (
				AED68BB21D524C7C0056B1B7 /* A11yWTF */,
			);
		};
/* End PBXProject section */

/* Begin PBXResourcesBuildPhase section */
		AED68BB11D524C7C0056B1B7 /* Resources */ = {
			isa = PBXResourcesBuildPhase;
			buildActionMask = 2147483647;
			files = (
				AED68BBD1D524C7C0056B1B7 /* Assets.xcassets in Resources */,
				AED68BC01D524C7C0056B1B7 /* MainMenu.xib in Resources */,
			);
			runOnlyForDeploymentPostprocessing = 0;
		};
/* End PBXResourcesBuildPhase section */

/* Begin PBXSourcesBuildPhase section */
		AED68BAF1D524C7C0056B1B7 /* Sources */ = {
			isa = PBXSourcesBuildPhase;
			buildActionMask = 2147483647;
			files = (
				AED68BBB1D524C7C0056B1B7 /* main.m in Sources */,
				AED68BB81D524C7C0056B1B7 /* AppDelegate.m in Sources */,
				AED68BC91D524D380056B1B7 /* FauxElement.m in Sources */,
			);
			runOnlyForDeploymentPostprocessing = 0;
		};
/* End PBXSourcesBuildPhase section */

/* Begin PBXVariantGroup section */
		AED68BBE1D524C7C0056B1B7 /* MainMenu.xib */ = {
			isa = PBXVariantGroup;
			children = (
				AED68BBF1D524C7C0056B1B7 /* Base */,
			);
			name = MainMenu.xib;
			sourceTree = "<group>";
		};
/* End PBXVariantGroup section */

/* Begin XCBuildConfiguration section */
		AED68BC21D524C7C0056B1B7 /* Debug */ = {
			isa = XCBuildConfiguration;
			buildSettings = {
				ALWAYS_SEARCH_USER_PATHS = NO;
				CLANG_CXX_LANGUAGE_STANDARD = "gnu++0x";
				CLANG_CXX_LIBRARY = "libc++";
				CLANG_ENABLE_MODULES = YES;
				CLANG_ENABLE_OBJC_ARC = YES;
				CLANG_WARN_BOOL_CONVERSION = YES;
				CLANG_WARN_CONSTANT_CONVERSION = YES;
				CLANG_WARN_DIRECT_OBJC_ISA_USAGE = YES_ERROR;
				CLANG_WARN_EMPTY_BODY = YES;
				CLANG_WARN_ENUM_CONVERSION = YES;
				CLANG_WARN_INT_CONVERSION = YES;
				CLANG_WARN_OBJC_ROOT_CLASS = YES_ERROR;
				CLANG_WARN_UNREACHABLE_CODE = YES;
				CLANG_WARN__DUPLICATE_METHOD_MATCH = YES;
				CODE_SIGN_IDENTITY = "-";
				COPY_PHASE_STRIP = NO;
				DEBUG_INFORMATION_FORMAT = dwarf;
				ENABLE_STRICT_OBJC_MSGSEND = YES;
				ENABLE_TESTABILITY = YES;
				GCC_C_LANGUAGE_STANDARD = gnu99;
				GCC_DYNAMIC_NO_PIC = NO;
				GCC_NO_COMMON_BLOCKS = YES;
				GCC_OPTIMIZATION_LEVEL = 0;
				GCC_PREPROCESSOR_DEFINITIONS = (
					"DEBUG=1",
					"$(inherited)",
				);
				GCC_WARN_64_TO_32_BIT_CONVERSION = YES;
				GCC_WARN_ABOUT_RETURN_TYPE = YES_ERROR;
				GCC_WARN_UNDECLARED_SELECTOR = YES;
				GCC_WARN_UNINITIALIZED_AUTOS = YES_AGGRESSIVE;
				GCC_WARN_UNUSED_FUNCTION = YES;
				GCC_WARN_UNUSED_VARIABLE = YES;
				MACOSX_DEPLOYMENT_TARGET = 10.10;
				MTL_ENABLE_DEBUG_INFO = YES;
				ONLY_ACTIVE_ARCH = YES;
				SDKROOT = macosx;
			};
			name = Debug;
		};
		AED68BC31D524C7C0056B1B7 /* Release */ = {
			isa = XCBuildConfiguration;
			buildSettings = {
				ALWAYS_SEARCH_USER_PATHS = NO;
				CLANG_CXX_LANGUAGE_STANDARD = "gnu++0x";
				CLANG_CXX_LIBRARY = "libc++";
				CLANG_ENABLE_MODULES = YES;
				CLANG_ENABLE_OBJC_ARC = YES;
				CLANG_WARN_BOOL_CONVERSION = YES;
				CLANG_WARN_CONSTANT_CONVERSION = YES;
				CLANG_WARN_DIRECT_OBJC_ISA_USAGE = YES_ERROR;
				CLANG_WARN_EMPTY_BODY = YES;
				CLANG_WARN_ENUM_CONVERSION = YES;
				CLANG_WARN_INT_CONVERSION = YES;
				CLANG_WARN_OBJC_ROOT_CLASS = YES_ERROR;
				CLANG_WARN_UNREACHABLE_CODE = YES;
				CLANG_WARN__DUPLICATE_METHOD_MATCH = YES;
				CODE_SIGN_IDENTITY = "-";
				COPY_PHASE_STRIP = NO;
				DEBUG_INFORMATION_FORMAT = "dwarf-with-dsym";
				ENABLE_NS_ASSERTIONS = NO;
				ENABLE_STRICT_OBJC_MSGSEND = YES;
				GCC_C_LANGUAGE_STANDARD = gnu99;
				GCC_NO_COMMON_BLOCKS = YES;
				GCC_WARN_64_TO_32_BIT_CONVERSION = YES;
				GCC_WARN_ABOUT_RETURN_TYPE = YES_ERROR;
				GCC_WARN_UNDECLARED_SELECTOR = YES;
				GCC_WARN_UNINITIALIZED_AUTOS = YES_AGGRESSIVE;
				GCC_WARN_UNUSED_FUNCTION = YES;
				GCC_WARN_UNUSED_VARIABLE = YES;
				MACOSX_DEPLOYMENT_TARGET = 10.10;
				MTL_ENABLE_DEBUG_INFO = NO;
				SDKROOT = macosx;
			};
			name = Release;
		};
		AED68BC51D524C7C0056B1B7 /* Debug */ = {
			isa = XCBuildConfiguration;
			buildSettings = {
				ASSETCATALOG_COMPILER_APPICON_NAME = AppIcon;
				COMBINE_HIDPI_IMAGES = YES;
				INFOPLIST_FILE = A11yWTF/Info.plist;
				LD_RUNPATH_SEARCH_PATHS = "$(inherited) @executable_path/../Frameworks";
				PRODUCT_BUNDLE_IDENTIFIER = com.xamarin.A11yWTF;
				PRODUCT_NAME = "$(TARGET_NAME)";
			};
			name = Debug;
		};
		AED68BC61D524C7C0056B1B7 /* Release */ = {
			isa = XCBuildConfiguration;
			buildSettings = {
				ASSETCATALOG_COMPILER_APPICON_NAME = AppIcon;
				COMBINE_HIDPI_IMAGES = YES;
				INFOPLIST_FILE = A11yWTF/Info.plist;
				LD_RUNPATH_SEARCH_PATHS = "$(inherited) @executable_path/../Frameworks";
				PRODUCT_BUNDLE_IDENTIFIER = com.xamarin.A11yWTF;
				PRODUCT_NAME = "$(TARGET_NAME)";
			};
			name = Release;
		};
/* End XCBuildConfiguration section */

/* Begin XCConfigurationList section */
		AED68BAE1D524C7C0056B1B7 /* Build configuration list for PBXProject "A11yWTF" */ = {
			isa = XCConfigurationList;
			buildConfigurations = (
				AED68BC21D524C7C0056B1B7 /* Debug */,
				AED68BC31D524C7C0056B1B7 /* Release */,
			);
			defaultConfigurationIsVisible = 0;
			defaultConfigurationName = Release;
		};
		AED68BC41D524C7C0056B1B7 /* Build configuration list for PBXNativeTarget "A11yWTF" */ = {
			isa = XCConfigurationList;
			buildConfigurations = (
				AED68BC51D524C7C0056B1B7 /* Debug */,
				AED68BC61D524C7C0056B1B7 /* Release */,
			);
			defaultConfigurationIsVisible = 0;
		};
/* End XCConfigurationList section */
	};
	rootObject = AED68BAB1D524C7C0056B1B7 /* Project object */;
}
